
Microsoft Visual Studio Solution File, Format Version 12.00
# Visual Studio Version 17
VisualStudioVersion = 17.9.34701.34
MinimumVisualStudioVersion = 10.0.40219.1
Project("{FAE04EC0-301F-11D3-BF4B-00C04F79EFBC}") = "C#_inventory_manager", "C#_inventory_manager.csproj", "{DC512421-7276-4D0A-B6D8-00DAC929FA9A}"
EndProject
Global
	GlobalSection(SolutionConfigurationPlatforms) = preSolution
		Debug|Any CPU = Debug|Any CPU
		Release|Any CPU = Release|Any CPU
	EndGlobalSection
	GlobalSection(ProjectConfigurationPlatforms) = postSolution
		{DC512421-7276-4D0A-B6D8-00DAC929FA9A}.Debug|Any CPU.ActiveCfg = Debug|Any CPU
		{DC512421-7276-4D0A-B6D8-00DAC929FA9A}.Debug|Any CPU.Build.0 = Debug|Any CPU
		{DC512421-7276-4D0A-B6D8-00DAC929FA9A}.Release|Any CPU.ActiveCfg = Release|Any CPU
		{DC512421-7276-4D0A-B6D8-00DAC929FA9A}.Release|Any CPU.Build.0 = Release|Any CPU
	EndGlobalSection
	GlobalSection(SolutionProperties) = preSolution
		HideSolutionNode = FALSE
	EndGlobalSection
	GlobalSection(ExtensibilityGlobals) = postSolution
		SolutionGuid = {99D9E0F2-19FA-43B9-8511-1E6AB3B70E92}
	EndGlobalSection
EndGlobal
